
Microsoft Visual Studio Solution File, Format Version 12.00
# Visual Studio 2012
Project("{FAE04EC0-301F-11D3-BF4B-00C04F79EFBC}") = "GetDrivers", "GetDrivers\GetDrivers.csproj", "{1E88E9A7-7400-4EA1-9517-13260447568E}"
EndProject
Global
	GlobalSection(SolutionConfigurationPlatforms) = preSolution
		Debug|Any CPU = Debug|Any CPU
		Release|Any CPU = Release|Any CPU
	EndGlobalSection
	GlobalSection(ProjectConfigurationPlatforms) = postSolution
		{1E88E9A7-7400-4EA1-9517-13260447568E}.Debug|Any CPU.ActiveCfg = Debug|Any CPU
		{1E88E9A7-7400-4EA1-9517-13260447568E}.Debug|Any CPU.Build.0 = Debug|Any CPU
		{1E88E9A7-7400-4EA1-9517-13260447568E}.Release|Any CPU.ActiveCfg = Release|Any CPU
		{1E88E9A7-7400-4EA1-9517-13260447568E}.Release|Any CPU.Build.0 = Release|Any CPU
	EndGlobalSection
	GlobalSection(SolutionProperties) = preSolution
		HideSolutionNode = FALSE
	EndGlobalSection
EndGlobal
